
Microsoft Visual Studio Solution File, Format Version 12.00
# Visual Studio Version 17
VisualStudioVersion = 17.11.35219.272
MinimumVisualStudioVersion = 10.0.40219.1
Project("{9A19103F-16F7-4668-BE54-9A1E7A4F7556}") = "SuperMarketWEB", "SuperMarketWEB.csproj", "{2452EA0F-5495-434B-B32B-56E65C21750A}"
EndProject
Global
	GlobalSection(SolutionConfigurationPlatforms) = preSolution
		Debug|Any CPU = Debug|Any CPU
		Release|Any CPU = Release|Any CPU
	EndGlobalSection
	GlobalSection(ProjectConfigurationPlatforms) = postSolution
		{2452EA0F-5495-434B-B32B-56E65C21750A}.Debug|Any CPU.ActiveCfg = Debug|Any CPU
		{2452EA0F-5495-434B-B32B-56E65C21750A}.Debug|Any CPU.Build.0 = Debug|Any CPU
		{2452EA0F-5495-434B-B32B-56E65C21750A}.Release|Any CPU.ActiveCfg = Release|Any CPU
		{2452EA0F-5495-434B-B32B-56E65C21750A}.Release|Any CPU.Build.0 = Release|Any CPU
	EndGlobalSection
	GlobalSection(SolutionProperties) = preSolution
		HideSolutionNode = FALSE
	EndGlobalSection
	GlobalSection(ExtensibilityGlobals) = postSolution
		SolutionGuid = {FB332269-1643-45EB-A04F-8917ABDFA732}
	EndGlobalSection
EndGlobal
